github.com/felixge/tcpkeepalive v0.0.0-20160804073959-5bb0b2dea91e h1:mVIjvOd7NckIwf9J4hLB2YWXBYjhREF4vBeZXZ8mrWM=
github.com/felixge/tcpkeepalive v0.0.0-20160804073959-5bb0b2dea91e/go.mod h1:z0yk3Pix6k848RFizhkU4uY36ts5pB1t3toBwudGbBo=
github.com/go-errors/errors v1.1.1 h1:ljK/pL5ltg3qoN+OtN6yCv9HWSfMwxSx90GJCZQxYNg=
github.com/go-errors/errors v1.1.1/go.mod h1:psDX2osz5VnTOnFWbDeWwS7yejl+uV3FEWEp4lssFEs=
github.com/golang/snappy v0.0.3/go.mod h1:/XxbfmMg8lxefKM7IXC3fBNl/7bRcc72aCRzEWrmP2Q=
github.com/klauspost/compress v1.12.2 h1:2KCfW3I9M7nSc5wOqXAlW2v2U6v+w6cbjvbfp+OykW8=
github.com/klauspost/compress v1.12.2/go.mod h1:8dP1Hq4DHOhN9w426knH3Rhby4rFm6D8eO+e+Dq5Gzg=
github.com/moisespsena-go/default-logger v0.0.1 h1:8WRBIWgu49qNm9IhuB1D65xYhoT8NhXMlwjGtzPFh6c=
github.com/moisespsena-go/default-logger v0.0.1/go.mod h1:VX9fxGiUHjsHg5NB6WCH3SnmBB6YxpA+JfTvmhTrcdY=
github.com/moisespsena-go/http-post-limit v0.0.1 h1:6NFLgZU2pCeObWDkbe57qV+6N0sqW7d8ym+PW65bRwY=
github.com/moisespsena-go/http-post-limit v0.0.1/go.mod h1:cN9hgkEaQsyIA2vxVPYq1i1nvtkMAQhKUGaj20mLSMc=
github.com/moisespsena-go/logging v0.0.2 h1:qWdk3NP4/4l8WZ7NJfUumr+4k+V+ctM8/guC6hKXSNw=
github.com/moisespsena-go/logging v0.0.2/go.mod h1:ktLpiRW/3s714ULW/KBdDV7beOKr/uH/TPEcusg8d1o=
github.com/moisespsena-go/path-helpers v0.0.3 h1:SdDktF5ubateJKQNhIkiABTeG+Ct1sTvzGv5DBFKxLA=
github.com/moisespsena-go/path-helpers v0.0.3/go.mod h1:wgQw5+Ei7COdNIwKFG8eC1jyDDpTOIjjkrWPBZe1XU0=
github.com/moisespsena-go/signald v0.0.3 h1:QAVALZB9eMR43ZTSl3P8TpeRkzyv3eLGQn3jWp+QxtE=
github.com/moisespsena-go/signald v0.0.3/go.mod h1:ICJPmhYG39D9fa0veqakXkJaRW7Vxufnp5356/owonU=
github.com/moisespsena-go/task v0.0.1 h1:W4nFHdimX9zdViknE9Z32u5NhGGDDzoFj2k1Tk0kp18=
github.com/moisespsena-go/task v0.0.1/go.mod h1:V0P7s5xyp8PQzeOFitLu2eah8IVJ08Kn8sL9ERgbkIw=
github.com/phayes/permbits v0.0.0-20190612203442-39d7c581d2ee h1:P6U24L02WMfj9ymZTxl7CxS73JC99x3ukk+DBkgQGQs=
github.com/phayes/permbits v0.0.0-20190612203442-39d7c581d2ee/go.mod h1:3uODdxMgOaPYeWU7RzZLxVtJHZ/x1f/iHkBZuKJDzuY=
github.com/pkg/errors v0.9.1 h1:FEBLx1zS214owpjy7qsBeixbURkuhQAwrK5UwLGTwt4=
github.com/pkg/errors v0.9.1/go.mod h1:bwawxfHBFNV+L2hUp1rHADufV3IMtnDRdf1r5NINEl0=
github.com/unapu-go/httpgzip v0.0.0-20210429175629-47c0df266ac9 h1:uytpn9snLNu7fGXPEwopaLfQ8coK9GORkhqAvZnz0jw=
github.com/unapu-go/httpgzip v0.0.0-20210429175629-47c0df266ac9/go.mod h1:yyzQ1jSBlAEH/UTSwrp/LGgxoatcEf0Z31YJSISId04=
github.com/unapu-go/safewriter v0.0.1 h1:AoJFpf8i4V4H6qrSr1ghwS51NSbCkXVGWxXcCzmqmjM=
github.com/unapu-go/safewriter v0.0.1/go.mod h1:UKKjY9emIsKUkqemq7JzJ4prYS0wwzwl15VcGQ96nYo=
github.com/unapu-go/tlsgen v0.0.1 h1:WvK1RcaG5B1lKJTQch7wIQRLesKh6EJcsr/z+jzFimA=
github.com/unapu-go/tlsgen v0.0.1/go.mod h1:1imQ3kPLcpnos5g4CA4ErOqxJtb0nbec2J4NwwWO5pE=
github.com/unapu-go/tlsloader v0.0.1 h1:maYdxh5LBZ0VI7Lwl6bk8bDYHb8gV+ZmenCrrgMz3TM=
github.com/unapu-go/tlsloader v0.0.1/go.mod h1:UomUmkpqHKbm8ofuZNUH+ZXpsujlbiT2r4B16HVxfk4=
github.com/yuin/goldmark v1.4.13/go.mod h1:6yULJ656Px+3vBD8DxQVa3kxgyrAnzto9xy5taEt/CY=
golang.org/x/crypto v0.0.0-20190308221718-c2843e01d9a2/go.mod h1:djNgcEr1/C05ACkg1iLfiJU5Ep61QUkGW8qpdssI0+w=
golang.org/x/crypto v0.0.0-20210921155107-089bfa567519/go.mod h1:GvvjBRRGRdwPK5ydBHafDWAxML/pGHZbMvKqRZ5+Abc=
golang.org/x/mod v0.6.0-dev.0.20220419223038-86c51ed26bb4/go.mod h1:jJ57K6gSWd91VN4djpZkiMVwK6gcyfeH4XE8wZrZaV4=
golang.org/x/net v0.0.0-20190620200207-3b0461eec859/go.mod h1:z5CRVTTTmAJ677TzLLGU+0bjPO0LkuOLi4/5GtJWs/s=
golang.org/x/net v0.0.0-20210226172049-e18ecbb05110/go.mod h1:m0MpNAwzfU5UDzcl9v0D8zg8gWTRqZa9RBIspLL5mdg=
golang.org/x/net v0.0.0-20220722155237-a158d28d115b/go.mod h1:XRhObCWvk6IyKnWLug+ECip1KBveYUHfp+8e9klMJ9c=
golang.org/x/net v0.7.0 h1:rJrUqqhjsgNp7KqAIc25s9pZnjU7TUcSY7HcVZjdn1g=
golang.org/x/net v0.7.0/go.mod h1:2Tu9+aMcznHK/AK1HMvgo6xiTLG5rD5rZLDS+rp2Bjs=
golang.org/x/sync v0.0.0-20190423024810-112230192c58/go.mod h1:RxMgew5VJxzue5/jJTE5uejpjVlOe/izrB70Jof72aM=
golang.org/x/sync v0.0.0-20220722155255-886fb9371eb4/go.mod h1:RxMgew5VJxzue5/jJTE5uejpjVlOe/izrB70Jof72aM=
golang.org/x/sys v0.0.0-20190215142949-d0b11bdaac8a/go.mod h1:STP8DvDyc/dI5b8T5hshtkjS+E42TnysNCUPdjciGhY=
golang.org/x/sys v0.0.0-20201119102817-f84b799fce68/go.mod h1:h1NjWce9XRLGQEsW7wpKNCjG9DtNlClVuFLEZdDNbEs=
golang.org/x/sys v0.0.0-20210615035016-665e8c7367d1/go.mod h1:oPkhp1MJrh7nUepCBck5+mAzfO9JrbApNNgaTdGDITg=
golang.org/x/sys v0.0.0-20220520151302-bc2c85ada10a/go.mod h1:oPkhp1MJrh7nUepCBck5+mAzfO9JrbApNNgaTdGDITg=
golang.org/x/sys v0.0.0-20220722155257-8c9f86f7a55f/go.mod h1:oPkhp1MJrh7nUepCBck5+mAzfO9JrbApNNgaTdGDITg=
golang.org/x/sys v0.5.0/go.mod h1:oPkhp1MJrh7nUepCBck5+mAzfO9JrbApNNgaTdGDITg=
golang.org/x/term v0.0.0-20201126162022-7de9c90e9dd1/go.mod h1:bj7SfCRtBDWHUb9snDiAeCFNEtKQo2Wmx5Cou7ajbmo=
golang.org/x/term v0.0.0-20210927222741-03fcf44c2211/go.mod h1:jbD1KX2456YbFQfuXm/mYQcufACuNUgVhRMnK/tPxf8=
golang.org/x/term v0.5.0/go.mod h1:jMB1sMXY+tzblOD4FWmEbocvup2/aLOaQEp7JmGp78k=
golang.org/x/text v0.3.0/go.mod h1:NqM8EUOU14njkJ3fqMW+pc6Ldnwhi/IjpwHt7yyuwOQ=
golang.org/x/text v0.3.3/go.mod h1:5Zoc/QRtKVWzQhOtBMvqHzDpF6irO9z98xDceosuGiQ=
golang.org/x/text v0.3.7/go.mod h1:u+2+/6zg+i71rQMx5EYifcz6MCKuco9NR6JIITiCfzQ=
golang.org/x/text v0.7.0 h1:4BRB4x83lYWy72KwLD/qYDuTu7q9PjSagHvijDw7cLo=
golang.org/x/text v0.7.0/go.mod h1:mrYo+phRRbMaCq/xk9113O4dZlRixOauAjOtrjsXDZ8=
golang.org/x/tools v0.0.0-20180917221912-90fa682c2a6e/go.mod h1:n7NCudcB/nEzxVGmLbDWY5pfWTLqBcC2KZ6jyYvM4mQ=
golang.org/x/tools v0.0.0-20191119224855-298f0cb1881e/go.mod h1:b+2E5dAYhXwXZwtnZ6UAqBI28+e2cm9otk0dWdXHAEo=
golang.org/x/tools v0.1.12/go.mod h1:hNGJHUnrk76NpqgfD5Aqm5Crs+Hm0VOH/i9J2+nxYbc=
golang.org/x/xerrors v0.0.0-20190717185122-a985d3407aa7/go.mod h1:I/5z698sn9Ka8TeJc9MKroUUfqBBauWjQqLJ2OPfmY0=
