github.com/felixge/tcpkeepalive v0.0.0-20160804073959-5bb0b2dea91e h1:mVIjvOd7NckIwf9J4hLB2YWXBYjhREF4vBeZXZ8mrWM=
github.com/felixge/tcpkeepalive v0.0.0-20160804073959-5bb0b2dea91e/go.mod h1:z0yk3Pix6k848RFizhkU4uY36ts5pB1t3toBwudGbBo=
github.com/go-errors/errors v1.1.1 h1:ljK/pL5ltg3qoN+OtN6yCv9HWSfMwxSx90GJCZQxYNg=
github.com/go-errors/errors v1.1.1/go.mod h1:psDX2osz5VnTOnFWbDeWwS7yejl+uV3FEWEp4lssFEs=
github.com/golang/snappy v0.0.3/go.mod h1:/XxbfmMg8lxefKM7IXC3fBNl/7bRcc72aCRzEWrmP2Q=
github.com/klauspost/compress v1.12.2 h1:2KCfW3I9M7nSc5wOqXAlW2v2U6v+w6cbjvbfp+OykW8=
github.com/klauspost/compress v1.12.2/go.mod h1:8dP1Hq4DHOhN9w426knH3Rhby4rFm6D8eO+e+Dq5Gzg=
github.com/moisespsena-go/default-logger v0.0.1 h1:8WRBIWgu49qNm9IhuB1D65xYhoT8NhXMlwjGtzPFh6c=
github.com/moisespsena-go/default-logger v0.0.1/go.mod h1:VX9fxGiUHjsHg5NB6WCH3SnmBB6YxpA+JfTvmhTrcdY=
github.com/moisespsena-go/http-post-limit v0.0.1 h1:6NFLgZU2pCeObWDkbe57qV+6N0sqW7d8ym+PW65bRwY=
github.com/moisespsena-go/http-post-limit v0.0.1/go.mod h1:cN9hgkEaQsyIA2vxVPYq1i1nvtkMAQhKUGaj20mLSMc=
github.com/moisespsena-go/logging v0.0.2 h1:qWdk3NP4/4l8WZ7NJfUumr+4k+V+ctM8/guC6hKXSNw=
github.com/moisespsena-go/logging v0.0.2/go.mod h1:ktLpiRW/3s714ULW/KBdDV7beOKr/uH/TPEcusg8d1o=
github.com/moisespsena-go/path-helpers v0.0.3 h1:SdDktF5ubateJKQNhIkiABTeG+Ct1sTvzGv5DBFKxLA=
github.com/moisespsena-go/path-helpers v0.0.3/go.mod h1:wgQw5+Ei7COdNIwKFG8eC1jyDDpTOIjjkrWPBZe1XU0=
github.com/moisespsena-go/signald v0.0.3 h1:QAVALZB9eMR43ZTSl3P8TpeRkzyv3eLGQn3jWp+QxtE=
github.com/moisespsena-go/signald v0.0.3/go.mod h1:ICJPmhYG39D9fa0veqakXkJaRW7Vxufnp5356/owonU=
github.com/moisespsena-go/task v0.0.1 h1:W4nFHdimX9zdViknE9Z32u5NhGGDDzoFj2k1Tk0kp18=
github.com/moisespsena-go/task v0.0.1/go.mod h1:V0P7s5xyp8PQzeOFitLu2eah8IVJ08Kn8sL9ERgbkIw=
github.com/phayes/permbits v0.0.0-20190612203442-39d7c581d2ee h1:P6U24L02WMfj9ymZTxl7CxS73JC99x3ukk+DBkgQGQs=
github.com/phayes/permbits v0.0.0-20190612203442-39d7c581d2ee/go.mod h1:3uODdxMgOaPYeWU7RzZLxVtJHZ/x1f/iHkBZuKJDzuY=
github.com/pkg/errors v0.9.1 h1:FEBLx1zS214owpjy7qsBeixbURkuhQAwrK5UwLGTwt4=
github.com/pkg/errors v0.9.1/go.mod h1:bwawxfHBFNV+L2hUp1rHADufV3IMtnDRdf1r5NINEl0=
github.com/unapu-go/safewriter v0.0.1 h1:AoJFpf8i4V4H6qrSr1ghwS51NSbCkXVGWxXcCzmqmjM=
github.com/unapu-go/safewriter v0.0.1/go.mod h1:UKKjY9emIsKUkqemq7JzJ4prYS0wwzwl15VcGQ96nYo=
github.com/unapu-go/tlsgen v0.0.1 h1:WvK1RcaG5B1lKJTQch7wIQRLesKh6EJcsr/z+jzFimA=
github.com/unapu-go/tlsgen v0.0.1/go.mod h1:1imQ3kPLcpnos5g4CA4ErOqxJtb0nbec2J4NwwWO5pE=
github.com/unapu-go/tlsloader v0.0.1 h1:maYdxh5LBZ0VI7Lwl6bk8bDYHb8gV+ZmenCrrgMz3TM=
github.com/unapu-go/tlsloader v0.0.1/go.mod h1:UomUmkpqHKbm8ofuZNUH+ZXpsujlbiT2r4B16HVxfk4=
github.com/xi2/httpgzip v0.0.0-20190509075255-932ab5e254ae h1:8qQDqpy4i5eqSsgPu0F4sK+XUA4rLg87lISt9QsgJ+A=
github.com/xi2/httpgzip v0.0.0-20190509075255-932ab5e254ae/go.mod h1:79MWNkfNT6haX1tL/I2CxfAR76mUWukU+Anzr2S7B2E=
golang.org/x/net v0.0.0-20210423184538-5f58ad60dda6 h1:0PC75Fz/kyMGhL0e1QnypqK2kQMqKt9csD1GnMJR+Zk=
golang.org/x/net v0.0.0-20210423184538-5f58ad60dda6/go.mod h1:OJAsFXCWl8Ukc7SiCT/9KSuxbyM7479/AVlXFRxuMCk=
golang.org/x/sys v0.0.0-20201119102817-f84b799fce68/go.mod h1:h1NjWce9XRLGQEsW7wpKNCjG9DtNlClVuFLEZdDNbEs=
golang.org/x/sys v0.0.0-20210423082822-04245dca01da h1:b3NXsE2LusjYGGjL5bxEVZZORm/YEFFrWFjR8eFrw/c=
golang.org/x/sys v0.0.0-20210423082822-04245dca01da/go.mod h1:h1NjWce9XRLGQEsW7wpKNCjG9DtNlClVuFLEZdDNbEs=
golang.org/x/term v0.0.0-20201126162022-7de9c90e9dd1/go.mod h1:bj7SfCRtBDWHUb9snDiAeCFNEtKQo2Wmx5Cou7ajbmo=
golang.org/x/text v0.3.6 h1:aRYxNxv6iGQlyVaZmk6ZgYEDa+Jg18DxebPSrd6bg1M=
golang.org/x/text v0.3.6/go.mod h1:5Zoc/QRtKVWzQhOtBMvqHzDpF6irO9z98xDceosuGiQ=
golang.org/x/tools v0.0.0-20180917221912-90fa682c2a6e/go.mod h1:n7NCudcB/nEzxVGmLbDWY5pfWTLqBcC2KZ6jyYvM4mQ=
