# This file is autogenerated, do not edit; changes may be undone by the next 'dep ensure'.


[[projects]]
  branch = "master"
  digest = "1:50cf302cc52eb618cec25d4daf167ed5593145d43b447b906a9f0d24e271d48b"
  name = "github.com/felixge/tcpkeepalive"
  packages = ["."]
  pruneopts = "UT"
  revision = "5bb0b2dea91e0de550022159b9571aafc72c08ba"

[[projects]]
  digest = "1:aacef5f5e45685f2aeda5534d0a750dee6859de7e9088cdd06192787bb01ae6d"
  name = "github.com/go-errors/errors"
  packages = ["."]
  pruneopts = "UT"
  revision = "a6af135bd4e28680facf08a3d206b454abc877a4"
  version = "v1.0.1"

[[projects]]
  digest = "1:5d231480e1c64a726869bc4142d270184c419749d34f167646baa21008eb0a79"
  name = "github.com/mitchellh/go-homedir"
  packages = ["."]
  pruneopts = "UT"
  revision = "af06845cf3004701891bf4fdb884bfe4920b3727"
  version = "v1.1.0"

[[projects]]
  branch = "master"
  digest = "1:08c430c7b7ab0dd7f94889af18129fe0736ab2cd4df5d54e8937a706b8d9ec9a"
  name = "github.com/moisespsena-go/default-logger"
  packages = ["."]
  pruneopts = "UT"
  revision = "d03cb4229ba7fbcda79d1eeb49547abf779b7bb8"

[[projects]]
  branch = "master"
  digest = "1:cd89d69c98808f0950ede4417683c5021a58226233ded86ad26ab8e038f093c5"
  name = "github.com/moisespsena-go/error-wrap"
  packages = ["."]
  pruneopts = "UT"
  revision = "b41f4523ee577dec73ab62cdf1c233bfe0a26139"

[[projects]]
  branch = "master"
  digest = "1:df263dc103bcfb822a91d20dfc7712af00f0710f29442515ce3f769fe5433e9c"
  name = "github.com/moisespsena-go/path-helpers"
  packages = ["."]
  pruneopts = "UT"
  revision = "10fc831782671524d4634ff4005c7e63d31b0139"

[[projects]]
  branch = "master"
  digest = "1:aa973d31840e796fae7e736350a748e91a0227e8c124d9520b5640a2d129457e"
  name = "github.com/moisespsena-go/task"
  packages = ["."]
  pruneopts = "UT"
  revision = "77afe0a8006108bc5940dc3f9b9454c7c7788f47"

[[projects]]
  branch = "master"
  digest = "1:9503135a30a108890c68d15a4bed816a4d2a4058f7d7ea136d516b19966d2c02"
  name = "github.com/moisespsena-go/error-wrap"
  packages = ["."]
  pruneopts = "UT"
  revision = "7e8df00a35080dff30e766ff640b1be4e7870304"

[[projects]]
  digest = "1:5b3b29ce0e569f62935d9541dff2e16cc09df981ebde48e82259076a73a3d0c7"
  name = "github.com/op/go-logging"
  packages = ["."]
  pruneopts = "UT"
  revision = "b2cb9fa56473e98db8caba80237377e83fe44db5"
  version = "v1"

[[projects]]
  branch = "master"
  digest = "1:3f293bba019cd25020236b8ed708f13bccded35562d9d351355573813997909f"
  name = "github.com/phayes/permbits"
  packages = ["."]
  pruneopts = "UT"
  revision = "1efae4548023f60d7a172fead76cccf194cf45de"

[[projects]]
  branch = "master"
  digest = "1:c8879109b3d04b0a15c587821781276273901bcb71da902757eac904b271f672"
  name = "golang.org/x/net"
  packages = [
    "http/httpguts",
    "http2",
    "http2/hpack",
    "idna",
  ]
  pruneopts = "UT"
  revision = "710a502c58a2a4b2d7417a4e24ccb96d8dc13fa3"

[[projects]]
  digest = "1:a2ab62866c75542dd18d2b069fec854577a20211d7c0ea6ae746072a1dccdd18"
  name = "golang.org/x/text"
  packages = [
    "collate",
    "collate/build",
    "internal/colltab",
    "internal/gen",
    "internal/tag",
    "internal/triegen",
    "internal/ucd",
    "language",
    "secure/bidirule",
    "transform",
    "unicode/bidi",
    "unicode/cldr",
    "unicode/norm",
    "unicode/rangetable",
  ]
  pruneopts = "UT"
  revision = "f21a4dfb5e38f5895301dc265a8def02365cc3d0"
  version = "v0.3.0"

[solve-meta]
  analyzer-name = "dep"
  analyzer-version = 1
  input-imports = [
    "github.com/felixge/tcpkeepalive",
    "github.com/go-errors/errors",
    "github.com/moisespsena-go/path-helpers",
    "github.com/moisespsena-go/task",
    "github.com/moisespsena-go/default-logger",
    "github.com/op/go-logging",
    "golang.org/x/net/http2",
  ]
  solver-name = "gps-cdcl"
  solver-version = 1
